{
  "name": "@hyperlocal/contracts",
  "version": "1.0.0",
  "lockfileVersion": 3,
  "requires": true,
  "packages": {
    "": {
      "name": "@hyperlocal/contracts",
      "version": "1.0.0",
      "license": "UNLICENSED",
      "devDependencies": {
        "@types/jest": "^29.5.12",
        "@typescript-eslint/eslint-plugin": "^7.1.0",
        "@typescript-eslint/parser": "^7.1.0",
        "eslint": "^8.57.0",
        "eslint-config-prettier": "^9.1.0",
        "eslint-plugin-import": "^2.29.1",
        "eslint-plugin-prettier": "^5.1.3",
        "jest": "^29.7.0",
        "prettier": "^3.2.5",
        "ts-jest": "^29.1.2",
        "typescript": "^5.3.3"
      }
    },
    "node_modules/@babel/code-frame/node_modules/picocolors/picocolors.js": {
      "version": "1.0.0",
      "dev": true,
      "license": "ISC"
    },
    "node_modules/@babel/helper-compilation-targets/node_modules/semver/semver.js": {
      "version": "6.3.1",
      "dev": true,
      "license": "ISC",
      "bin": {
        "semver": "bin/semver.js"
      }
    },
    "node_modules/@jest/schemas/node_modules/semver/semver.js": {
      "version": "7.5.3",
      "dev": true,
      "license": "ISC",
      "bin": {
        "semver": "bin/semver.js"
      },
      "engines": {
        "node": ">=10"
      }
    },
    "node_modules/@jest/transform/node_modules/picocolors/picocolors.js": {
      "version": "1.0.0",
      "dev": true,
      "license": "ISC"
    },
    "node_modules/@jest/types/node_modules/picocolors/picocolors.js": {
      "version": "1.0.0",
      "dev": true,
      "license": "ISC"
    },
    "node_modules/@types/jest": {
      "version": "29.5.12",
      "resolved": "https://registry.npmjs.org/@types/jest/-/jest-29.5.12.tgz",
      "integrity": "sha512-GUfStTm2daEOB8zuM+ksF3Mrf3LpG+m334e5AlvJ7Hq0ST1mYWxA5sbMyD8iRTmG1Q0iBNAzXOKj2eL9+ou5IA==",
      "dev": true
    },
    "node_modules/@typescript-eslint/eslint-plugin": {
      "version": "7.1.0",
      "resolved": "https://registry.npmjs.org/@typescript-eslint/eslint-plugin/-/eslint-plugin-7.1.0.tgz",
      "integrity": "sha512-Y1b/kUqG4I1w+rOMr2ay22Gj2HybL37HmBEkQbn98gA/x+Nf67zDj661s2OASj7Zrfb4OTu4P1J18+uCTa1pSw==",
      "dev": true,
      "dependencies": {
        "@typescript-eslint/type-utils": "7.1.0",
        "@typescript-eslint/utils": "7.1.0",
        "debug": "^4.3.4",
        "graphemer": "^1.4.0",
        "ignore": "^5.3.0",
        "natural-compare-lite": "^1.4.0",
        "semver": "^7.5.4",
        "ts-api-utils": "^1.2.1"
      },
      "engines": {
        "node": "^18.18.0 || >=20.0.0"
      },
      "funding": {
        "url": "https://opencollective.com/typescript-eslint"
      },
      "peerDependencies": {
        "@typescript-eslint/parser": "^7.0.0",
        "eslint": "^8.56.0"
      },
      "peerDependenciesMeta": {
        "typescript": {
          "optional": true
        }
      }
    },
    "node_modules/@typescript-eslint/parser": {
      "version": "7.1.0",
      "resolved": "https://registry.npmjs.org/@typescript-eslint/parser/-/parser-7.1.0.tgz",
      "integrity": "sha512-UaA50D+wN2iL/1z+Mh9yW7/6jL5/7qYy43z5iQj11IuU0RzGTYNlApgn+3sOe5K58mEgnnS8b4MyA==",
      "dev": true,
      "dependencies": {
        "@typescript-eslint/scope-manager": "7.1.0",
        "@typescript-eslint/types": "7.1.0",
        "@typescript-eslint/typescript-estree": "7.1.0",
        "debug": "^4.3.4"
      },
      "engines": {
        "node": "^18.18.0 || >=20.0.0"
      },
      "funding": {
        "url": "https://opencollective.com/typescript-eslint"
      },
      "peerDependencies": {
        "eslint": "^8.56.0"
      },
      "peerDependenciesMeta": {
        "typescript": {
          "optional": true
        }
      }
    },
    "node_modules/@typescript-eslint/scope-manager": {
      "version": "7.1.0",
      "resolved": "https://registry.npmjs.org/@typescript-eslint/scope-manager/-/scope-manager-7.1.0.tgz",
      "integrity": "sha512-JmC06lT6AOxwFNGd/gXmy4eL5b/bB4W8G031Bf8f7wQd/q5xso5vytb42uPfo+h61n0KvJqfX8m7qw==",
      "dev": true,
      "dependencies": {
        "@typescript-eslint/types": "7.1.0"
      },
      "engines": {
        "node": "^18.18.0 || >=20.0.0"
      },
      "funding": {
        "url": "https://opencollective.com/typescript-eslint"
      }
    },
    "node_modules/@typescript-eslint/type-utils": {
      "version": "7.1.0",
      "resolved": "https://registry.npmjs.org/@typescript-eslint/type-utils/-/type-utils-7.1.0.tgz",
      "integrity": "sha512-x1dGAdhAb74kNYzSM8Pco+K0/pdHcBv/4YxV3gQz+s3h9BPNBq+zpw8Y4nAMBdpKoeFw4xEYdGf1YxD1Kfrk/w==",
      "dev": true,
      "dependencies": {
        "@typescript-eslint/typescript-estree": "7.1.0",
        "@typescript-eslint/utils": "7.1.0",
        "debug": "^4.3.4",
        "ts-api-utils": "^1.2.1"
      },
      "engines": {
        "node": "^18.18.0 || >=20.0.0"
      },
      "funding": {
        "url": "https://opencollective.com/typescript-eslint"
      },
      "peerDependencies": {
        "eslint": "*"
      },
      "peerDependenciesMeta": {
        "typescript": {
          "optional": true
        }
      }
    },
    "node_modules/@typescript-eslint/types": {
      "version": "7.1.0",
      "resolved": "https://registry.npmjs.org/@typescript-eslint/types/-/types-7.1.0.tgz",
      "integrity": "sha512-w7wET34iOU3bKE2Jc1JSy/F1D3vSt4p9Q3gTvDF7lY1S1pLz3L5S2V2yZd2mVc33c2a07tVd2xFxR9I0kXDlhw==",
      "dev": true,
      "engines": {
        "node": "^18.18.0 || >=20.0.0"
      },
      "funding": {
        "url": "https://opencollective.com/typescript-eslint"
      }
    },
    "node_modules/@typescript-eslint/typescript-estree": {
      "version": "7.1.0",
      "resolved": "https://registry.npmjs.org/@typescript-eslint/typescript-estree/-/typescript-estree-7.1.0.tgz",
      "integrity": "sha512-kXh8tn0ot24tQsDxzDqfS1eL7i4W4USb24784NMj2vKv0fSAxGfOSqgMaEnotOQk7z5GfRQUkQUC1sWzX6o8Yg==",
      "dev": true,
      "dependencies": {
        "@typescript-eslint/types": "7.1.0",
        "debug": "^4.3.4",
        "glob-parent": "^6.0.2",
        "is-glob": "^4.0.3",
        "semver": "^7.5.4",
        "ts-api-utils": "^1.2.1"
      },
      "engines": {
        "node": "^18.18.0 || >=20.0.0"
      },
      "funding": {
        "url": "https://opencollective.com/typescript-eslint"
      },
      "peerDependenciesMeta": {
        "typescript": {
          "optional": true
        }
      }
    },
    "node_modules/@typescript-eslint/utils": {
      "version": "7.1.0",
      "resolved": "https://registry.npmjs.org/@typescript-eslint/utils/-/utils-7.1.0.tgz",
      "integrity": "sha512-SjMcrpS2V9LYQ3gU6+3xQ7e9ZfBxtPmq42y6XlP8V6iT90TThWBUrGLJ2qMmvO8eKch1J61jFUSh2AwyfM54/w==",
      "dev": true,
      "dependencies": {
        "@typescript-eslint/scope-manager": "7.1.0",
        "@typescript-eslint/types": "7.1.0",
        "eslint-scope": "^8.0.0",
        "eslint-utils": "^3.0.0"
      },
      "engines": {
        "node": "^18.18.0 || >=20.0.0"
      },
      "funding": {
        "url": "https://opencollective.com/typescript-eslint"
      },
      "peerDependencies": {
        "eslint": "^8.56.0"
      }
    },
    "node_modules/acorn": {
      "version": "8.11.3",
      "resolved": "https://registry.npmjs.org/acorn/-/acorn-8.11.3.tgz",
      "integrity": "sha512-dssVq1hIFjKIyBEgXA8pwe0K4l+e/jiZppTBd4acVgzRChm7xstOUNjdPA9X1T9QkXssMhGdpjRWU596Iq6bVw==",
      "dev": true,
      "bin": {
        "acorn": "bin/acorn"
      },
      "engines": {
        "node": ">=0.4.0"
      }
    },
    "node_modules/acorn-jsx": {
      "version": "5.3.2",
      "resolved": "https://registry.npmjs.org/acorn-jsx/-/acorn-jsx-5.3.2.tgz",
      "integrity": "sha512-rq9s+JNhf0IChR+8gJ/pdn2OEkESFYfAtxmIMbIYp9IY/2LLCtiDRabQdcB3/d8o2Y1S3gjDk95F2vLX3iKv2A==",
      "dev": true,
      "peerDependencies": {
        "acorn": "^6.0.0 || ^7.0.0 || ^8.0.0"
      }
    },
    "node_modules/ajv": {
      "version": "6.12.6",
      "resolved": "https://registry.npmjs.org/ajv/-/ajv-6.12.6.tgz",
      "integrity": "sha512-j3fVLgvTo527pYyv59VmnagAJpBciBlnT9De/uXJvvebQGnCbVruJgB3rZ6urG3bJwwG3nx7me5+URo8wDk91w==",
      "dev": true,
      "dependencies": {
        "fast-deep-equal": "^3.1.1",
        "fast-json-stable-stringify": "^2.0.0",
        "json-schema-traverse": "^0.4.1",
        "uri-js": "^4.2.2"
      },
      "funding": {
        "type": "github",
        "url": "https://github.com/sponsors/epoberezkin"
      }
    },
    "node_modules/ansi-regex": {
      "version": "5.0.1",
      "resolved": "https://registry.npmjs.org/ansi-regex/-/ansi-regex-5.0.1.tgz",
      "integrity": "sha512-quJQXlTSUGL2LH9SUXo8VwsY4soanhgo6LNSm84E1LBcE8s3O0wpciRzyRyP9Sc0BPSvJ8hA90W62W3CjE71nA==",
      "dev": true,
      "engines": {
        "node": ">=8"
      }
    },
    "node_modules/ansi-styles": {
      "version": "4.3.0",
      "resolved": "https://registry.npmjs.org/ansi-styles/-/ansi-styles-4.3.0.tgz",
      "integrity": "sha512-zbB9rCJAT1rbjiVDb2hqKFHNYLxs2VURcqeuz6wtDAbkGgXzw/o5Pl3so5asGXR8fLg5odEStBgwLAcr8pDcZg==",
      "dev": true,
      "dependencies": {
        "color-convert": "^2.0.1"
      },
      "engines": {
        "node": ">=8"
      },
      "funding": {
        "url": "https://github.com/chalk/ansi-styles?sponsor=1"
      }
    },
    "node_modules/argparse": {
      "version": "2.0.1",
      "resolved": "https://registry.npmjs.org/argparse/-/argparse-2.0.1.tgz",
      "integrity": "sha512-8+9WqYOPBC2jPMsDAvALUb/b08gqKtNbadII/gVQe2m4eCRYlMBE1tzAzkgblQ3bTcD2ZaIO2IZMRLFiFrLpBg==",
      "dev": true
    },
    "node_modules/babel-jest": {
      "version": "29.7.0",
      "resolved": "https://registry.npmjs.org/babel-jest/-/babel-jest-29.7.0.tgz",
      "integrity": "sha512-h/FDU9I/s+cEXh9smy83KE5I96y9313k3jA8ds/S3Tf6P1eLe13s30M80+d4wwk/I8d3y5XyUzAA042MvY2cQ==",
      "dev": true,
      "dependencies": {
        "@jest/transform": "^29.7.0",
        "@types/babel__core": "^7.20.0",
        "babel-plugin-istanbul": "^6.1.1",
        "babel-preset-jest": "^29.7.0",
        "graceful-fs": "^4.2.10",
        "picocolors": "^1.0.0"
      },
      "engines": {
        "node": "^16.10.0 || >=18.0.0"
      },
      "peerDependencies": {
        "@babel/core": "^7.8.0"
      }
    },
    "node_modules/babel-jest/node_modules/picocolors/picocolors.js": {
      "version": "1.0.0",
      "dev": true,
      "license": "ISC"
    },
    "node_modules/brace-expansion": {
      "version": "1.1.11",
      "resolved": "https://registry.npmjs.org/brace-expansion/-/brace-expansion-1.1.11.tgz",
      "integrity": "sha512-iCuPHDFgrHX7H2vEI/5xpz07zSHB00TpugqhmYtVmMO6518mCuRMoOYFldEBl0g187ufozdaHgM2OPQpW/2pEA==",
      "dev": true,
      "dependencies": {
        "balanced-match": "^1.0.0",
        "concat-map": "0.0.1"
      }
    },
    "node_modules/callsites": {
      "version": "3.1.0",
      "resolved": "https://registry.npmjs.org/callsites/-/callsites-3.1.0.tgz",
      "integrity": "sha512-P8BjAsXvab1OaCOUdvFMzY1U2ByoBpc7sfIv0U4DDrcJiOMlBKPbW8bGAiK9EeEIKqNxnHpCRQem3t7MPc9XGQ==",
      "dev": true,
      "engines": {
        "node": ">=6"
      }
    },
    "node_modules/chalk": {
      "version": "4.1.2",
      "resolved": "https://registry.npmjs.org/chalk/-/chalk-4.1.2.tgz",
      "integrity": "sha512-oKnbhFyRIXpUuez8iBMmyEa4nbj4IOQyuhc/wy9kY7/WVPcwIO9VA668Pu8RkO7+0G76SLROeyw9CpQ061i4mA==",
      "dev": true,
      "dependencies": {
        "ansi-styles": "^4.1.0",
        "supports-color": "^7.1.0"
      },
      "engines": {
        "node": ">=10"
      },
      "funding": {
        "url": "https://github.com/chalk/chalk?sponsor=1"
      }
    },
    "node_modules/color-convert": {
      "version": "2.0.1",
      "resolved": "https://registry.npmjs.org/color-convert/-/color-convert-2.0.1.tgz",
      "integrity": "sha512-RRECP9CIalhnACgdHZ+atVW8A3SSDUm2yVp/A8pE+VYpi+AFbBV8xPU8KgmsaeXaKHKps3OmmqdHmcuxOcJapg==",
      "dev": true,
      "dependencies": {
        "color-name": "~1.1.4"
      },
      "engines": {
        "node": ">=7.0.0"
      }
    },
    "node_modules/color-name": {
      "version": "1.1.4",
      "resolved": "https://registry.npmjs.org/color-name/-/color-name-1.1.4.tgz",
      "integrity": "sha512-dOy+3AuW3a2wNbYHIuMZpTcgjGuLU/uBL/ubcZF9OXbDo8ff4O8yVp5Bf0efS8uEoYo5q4Fx7dY9OgQGXgAsQA==",
      "dev": true
    },
    "node_modules/concat-map": {
      "version": "0.0.1",
      "resolved": "https://registry.npmjs.org/concat-map/-/concat-map-0.0.1.tgz",
      "integrity": "sha512-/SrvUPTgiupUiGuGNAs3sBLgvBw3I333i43mR/kGPmKkS2d2W2kyv2CrD3/53S03O03cPEvM602mHcwQ/r0vA==",
      "dev": true
    },
    "node_modules/debug": {
      "version": "4.3.4",
      "resolved": "https://registry.npmjs.org/debug/-/debug-4.3.4.tgz",
      "integrity": "sha512-PR1J4kzElbtalbWzqXAFaETqAzmyTRDZC1-QqTJNmIWffBFb9i6SvmCso3B5ODlF5Gss9I3Kxb92i4I9QdaHelpw==",
      "dev": true,
      "dependencies": {
        "ms": "2.1.2"
      },
      "engines": {
        "node": ">=6.0"
      },
      "peerDependenciesMeta": {
        "supports-color": {
          "optional": true
        }
      }
    },
    "node_modules/doctrine": {
      "version": "3.0.0",
      "resolved": "https://registry.npmjs.org/doctrine/-/doctrine-3.0.0.tgz",
      "integrity": "sha512-35mGoYwCVbAItBf2g6ae2I5fSg2zSAcQ2I632xtu7E0DpsE5EXnNPybHItLF3SPa2sONuyxF0wiutiIAcm2rA==",
      "dev": true,
      "dependencies": {
        "esutils": "^2.0.2"
      },
      "engines": {
        "node": ">=8.0.0"
      }
    },
    "node_modules/es-module-lexer": {
      "version": "1.4.1",
      "resolved": "https://registry.npmjs.org/es-module-lexer/-/es-module-lexer-1.4.1.tgz",
      "integrity": "sha512-Y7w90dB+dy0N0sHi3yavNO40dGjfmHn3Yfxcx8a92K+rPIMTQQJibF2oVRx8t7s/QAN52e7gU1i8zQQUJ7A+xw==",
      "dev": true,
      "optional": true
    },
    "node_modules/escape-string-regexp": {
      "version": "4.0.0",
      "resolved": "https://registry.npmjs.org/escape-string-regexp/-/escape-string-regexp-4.0.0.tgz",
      "integrity": "sha512-TtpcNJ3XAzx3Gq8sWRzJaVajRs0uVxA2YAkdb1d2tuUGAIeHHMNFdt72y29hi01dM8vvbK2B5WeTR7QLcM0B7w==",
      "dev": true,
      "engines": {
        "node": ">=10"
      },
      "funding": {
        "url": "https://github.com/sponsors/sindresorhus"
      }
    },
    "node_modules/eslint-scope": {
      "version": "8.0.0",
      "resolved": "https://registry.npmjs.org/eslint-scope/-/eslint-scope-8.0.0.tgz",
      "integrity": "sha512-I5oAHiSWS7s/Wvei4TUZ0v62gRTgvtTq2kMAqtEu4iW0X2bH2b3nO+XBLM9jYOKd9ahXbNZps8p+nyIY63p/8A==",
      "dev": true,
      "dependencies": {
        "esrecurse": "^4.3.0",
        "estraverse": "^5.3.0"
      },
      "engines": {
        "node": "^18.18.0 || >=20.0.0"
      },
      "funding": {
        "url": "https://opencollective.com/eslint"
      }
    },
    "node_modules/eslint-utils": {
      "version": "3.0.0",
      "resolved": "https://registry.npmjs.org/eslint-utils/-/eslint-utils-3.0.0.tgz",
      "integrity": "sha512-uuQC43H92b95ffDN9R6b/z3nT63O2s1S3z3broqjQp3v461iB/A719f+CMW6XNqYALlUK4iR4faO2E66T6tmg==",
      "dev": true,
      "dependencies": {
        "eslint-visitor-keys": "^3.1.0"
      },
      "engines": {
        "node": "^12.22.0 || ^14.17.0 || >=16.0.0"
      },
      "funding": {
        "url": "https://github.com/sponsors/mysticatea"
      }
    },
    "node_modules/eslint-visitor-keys": {
      "version": "3.4.3",
      "resolved": "https://registry.npmjs.org/eslint-visitor-keys/-/eslint-visitor-keys-3.4.3.tgz",
      "integrity": "sha512-wpc+LIMi6XCR4D84SOOFK6I2iBgJKuIV+PdtZg6JAhbxEGF1H11b2m5IeXgG3553I/vlt32QfsK/JbF+k8+w2w==",
      "dev": true,
      "engines": {
        "node": "^12.22.0 || ^14.17.0 || >=16.0.0"
      },
      "funding": {
        "url": "https://opencollective.com/eslint"
      }
    },
    "node_modules/espree": {
      "version": "10.0.1",
      "resolved": "https://registry.npmjs.org/espree/-/espree-10.0.1.tgz",
      "integrity": "sha512-v28Y/2+tIA8gaBqGg/1A0DCp41/eA8/eA6fJtA5xDQE3b/Xesx/9WfBv9mQzANd7ohb9p02gQUe803Gj5YOkYw==",
      "dev": true,
      "dependencies": {
        "acorn": "^8.10.0",
        "acorn-jsx": "^5.3.2",
        "espree-extract-comments": "^1.0.0",
        "eslint-visitor-keys": "^3.4.3",
        "fast-deep-equal": "^3.1.3",
        "glob-parent": "^6.0.2"
      },
      "engines": {
        "node": "^18.18.0 || >=20.0.0"
      },
      "funding": {
        "url": "https://opencollective.com/eslint"
      }
    },
    "node_modules/espree-extract-comments": {
      "version": "1.0.0",
      "resolved": "https://registry.npmjs.org/espree-extract-comments/-/espree-extract-comments-1.0.0.tgz",
      "integrity": "sha512-S0+T5+jBeLzR1K5hSD8w3vIaei6aAY1y6AgT2DqLh3KP2P8/J2fBJo1f4S1k8G1TnHrA2w5df38c31K5y4yM5g==",
      "dev": true,
      "engines": {
        "node": "^18.18.0 || >=20.0.0"
      }
    },
    "node_modules/esquery": {
      "version": "1.5.0",
      "resolved": "https://registry.npmjs.org/esquery/-/esquery-1.5.0.tgz",
      "integrity": "sha512-YQLXng2pL1DPpwISae9dMfYU8q5e4395m3m2Q/aJM7s8p5w9mv/s273Q67vJ3vW7SA9iK+nLg2D3lq37iHi4w==",
      "dev": true,
      "dependencies": {
        "estraverse": "^5.1.0"
      },
      "engines": {
        "node": ">=0.10"
      }
    },
    "node_modules/esrecurse": {
      "version": "4.3.0",
      "resolved": "https://registry.npmjs.org/esrecurse/-/esrecurse-4.3.0.tgz",
      "integrity": "sha512-KPuL3Mb/CxfUGxYaS/wO4q8oM8C+mObg95S8mm8k2h2zwZd2n/wB3ZR9goU/i7x+Rj+h2hM9wRIdA6scq3i3CQ==",
      "dev": true,
      "dependencies": {
        "estraverse": "^5.2.0"
      },
      "engines": {
        "node": ">=4.0"
      }
    },
    "node_modules/estraverse": {
      "version": "5.3.0",
      "resolved": "https://registry.npmjs.org/estraverse/-/estraverse-5.3.0.tgz",
      "integrity": "sha512-s/c1jbcxN3n3ZfSA2E10v4sBFRU6XlBw+np9IIeNdpr2T32zoeiRLi8E/wYgWUMvTsjHhEaAZhAtfB2+K5rMlg==",
      "dev": true,
      "engines": {
        "node": ">=4.0"
      }
    },
    "node_modules/esutils": {
      "version": "2.0.3",
      "resolved": "https://registry.npmjs.org/esutils/-/esutils-2.0.3.tgz",
      "integrity": "sha512-kVscA5k6dE4p9ae1/KCUe1A+I5j5o6T3/5n1SApCmeL6wzChPguq3bCnmdM3pTNKD2BvJ0b/F3a0p3335Z8O3Q==",
      "dev": true,
      "engines": {
        "node": ">=0.10.0"
      }
    },
    "node_modules/fast-deep-equal": {
      "version": "3.1.3",
      "resolved": "https://registry.npmjs.org/fast-deep-equal/-/fast-deep-equal-3.1.3.tgz",
      "integrity": "sha512-f3qQ9oQy9j2AhBe/H93q9BEsoUsaeydWyRaY/A/20hpOR5iowshHcូបDvu5eSsQIIwsbg1ScrSwZDx99Bw5wA==",
      "dev": true
    },
    "node_modules/fast-glob": {
      "version": "3.3.2",
      "resolved": "https://registry.npmjs.org/fast-glob/-/fast-glob-3.3.2.tgz",
      "integrity": "sha512-oX2ruAFQwf/Orj8m737Y5I3IPe3G3a3kl1AHD3wEQXkP64hII4gpSCQUG0oD8ff7a2u72gGRI2S1wPl+g65+lg==",
      "dev": true,
      "dependencies": {
        "@nodelib/fs.stat": "^2.0.2",
        "glob-parent": "^5.1.2",
        "micromatch": "^4.0.5",
        "picomatch": "^2.3.1"
      },
      "engines": {
        "node": ">=8.6.0"
      }
    },
    "node_modules/fast-glob/node_modules/glob-parent/index.js": {
      "version": "5.1.2",
      "dev": true,
      "license": "ISC",
      "dependencies": {
        "is-glob": "^4.0.1"
      },
      "engines": {
        "node": ">= 6"
      }
    },
    "node_modules/fast-json-stable-stringify": {
      "version": "2.1.0",
      "resolved": "https://registry.npmjs.org/fast-json-stable-stringify/-/fast-json-stable-stringify-2.1.0.tgz",
      "integrity": "sha512-lhd/wF+Lk98HZoTCtlVraHtfh5DPWfg6kIUsItdhqNmcsMHeDEvVTjsLU+L2mCuWbC2uTltmT5scvL+q8BgVdg==",
      "dev": true
    },
    "node_modules/fastest-levenshtein": {
      "version": "1.0.16",
      "resolved": "https://registry.npmjs.org/fastest-levenshtein/-/fastest-levenshtein-1.0.16.tgz",
      "integrity": "sha512-O8Z7aFe3mFgl2o2s/2L2p7y0n1t4n31I3dGjB45e3u92t2I5tD0S/xZtS2g+DRxS6bTll3cyyxtaQ==",
      "dev": true
    },
    "node_modules/file-entry-cache": {
      "version": "6.0.1",
      "resolved": "https://registry.npmjs.org/file-entry-cache/-/file-entry-cache-6.0.1.tgz",
      "integrity": "sha512-7Gps/XWKvoE4G2CEeXWScS3KAe4tDGL4S3eky8vJrBEZobmPy1bgtIpm+bSfiUmKxKYpiPr3ltpkr0truTQm5A==",
      "dev": true,
      "dependencies": {
        "flat-cache": "^3.0.4"
      },
      "engines": {
        "node": ">=10.12.0"
      }
    },
    "node_modules/find-up": {
      "version": "5.0.0",
      "resolved": "https://registry.npmjs.org/find-up/-/find-up-5.0.0.tgz",
      "integrity": "sha512-78/PXT1RKiKqvkI/7nB5z0eqrNdeGzH7sOzGDavt3wwo9fEaYjWzRSC6xpJuXM1dEpvtPb3eBnHjx23wzt70/w==",
      "dev": true,
      "dependencies": {
        "locate-path": "^6.0.0",
        "path-exists": "^4.0.0"
      },
      "engines": {
        "node": ">=10"
      }
    },
    "node_modules/flatted": {
      "version": "3.2.9",
      "resolved": "https://registry.npmjs.org/flatted/-/flatted-3.2.9.tgz",
      "integrity": "sha512-ATfbP8h0433seC4b4p53b5yD3P22qA2a92krQ9fD42JAPnGPmw61zmgjWobcRehUSoHviKl/hO6a+bCM4dO31A==",
      "dev": true
    },
    "node_modules/flat-cache": {
      "version": "3.2.0",
      "resolved": "https://registry.npmjs.org/flat-cache/-/flat-cache-3.2.0.tgz",
      "integrity": "sha512-jSRIs/4CY5blG3h7otXo03wTq6IHo6n3d10kOB2PU5IILjV4h5x741p53mJbhP53e2A92xD3IsBDw3rY38tLw==",
      "dev": true,
      "dependencies": {
        "rimraf": "^3.0.2"
      },
      "engines": {
        "node": ">=10.12.0"
      }
    },
    "node_modules/flat-cache/node_modules/rimraf/rimraf.js": {
      "version": "3.0.2",
      "dev": true,
      "license": "ISC",
      "dependencies": {
        "glob": "^7.1.3"
      },
      "bin": {
        "rimraf": "bin.js"
      },
      "funding": {
        "url": "https://github.com/sponsors/isaacs"
      }
    },
    "node_modules/glob": {
      "version": "7.2.3",
      "resolved": "https://registry.npmjs.org/glob/-/glob-7.2.3.tgz",
      "integrity": "sha512-nFR0zLpU2YCaRxwo4iL/CcFfkvrC8Cyo4jKscsdIgoEP5wBLhKj0K21S0Ue17tAb6/m32W3w2sTMO+pfg8Dajg==",
      "dev": true,
      "dependencies": {
        "fs.realpath": "^1.0.0",
        "inflight": "^1.0.4",
        "inherits": "2",
        "minimatch": "^3.1.2",
        "once": "^1.3.0",
        "path-is-absolute": "^1.0.0"
      },
      "engines": {
        "node": "*"
      },
      "funding": {
        "url": "https://github.com/sponsors/isaacs"
      }
    },
    "node_modules/glob-parent": {
      "version": "6.0.2",
      "resolved": "https://registry.npmjs.org/glob-parent/-/glob-parent-6.0.2.tgz",
      "integrity": "sha512-XxwI8EOhVQgWp6iDL+3b0r86f4dE5TtOFp1cPSfILIYcwrZlTZHwE/wPPpU8MSazokxmbUU6gAIhbNzn2unvPA==",
      "dev": true,
      "dependencies": {
        "is-glob": "^4.0.3"
      },
      "engines": {
        "node": ">=10.13.0"
      }
    },
    "node_modules/globby/index.js": {
      "version": "11.1.0",
      "dev": true,
      "license": "MIT",
      "dependencies": {
        "array-union": "^2.1.0",
        "dir-glob": "^3.0.1",
        "fast-glob": "^3.2.9",
        "ignore": "^5.2.0",
        "merge2": "^1.4.1",
        "slash": "^3.0.0"
      },
      "engines": {
        "node": ">=10"
      },
      "funding": {
        "url": "https://github.com/sponsors/sindresorhus"
      }
    },
    "node_modules/graceful-fs": {
      "version": "4.2.11",
      "resolved": "https://registry.npmjs.org/graceful-fs/-/graceful-fs-4.2.11.tgz",
      "integrity": "sha512-RbJ5/osVPUjFRaMXDk3a2aJ/s4TfL1E45h52h2v/a1xgxK/CBBeuNyr4MvtuPcsRuAsaHMVgN9lCjBvBKVm0ug==",
      "dev": true
    },
    "node_modules/graphemer": {
      "version": "1.4.0",
      "resolved": "https://registry.npmjs.org/graphemer/-/graphemer-1.4.0.tgz",
      "integrity": "sha512-sq3TzP+kfAVvo+9dSPxfuaB2n8AewT2lk3/Qd437wXW/3T20pLhUuJCP1H8w15oF8mK342U10I99hb/w7NFpg==",
      "dev": true
    },
    "node_modules/has-flag": {
      "version": "4.0.0",
      "resolved": "https://registry.npmjs.org/has-flag/-/has-flag-4.0.0.tgz",
      "integrity": "sha512-EykJT/Q1KjTWctppgA3otP0BwAXGCrK+E4qAJ6brNElA36yggPONaijeqIN9rroefoygqYNx52TM0DdaG1makg==",
      "dev": true,
      "engines": {
        "node": ">=8"
      }
    },
    "node_modules/ignore": {
      "version": "5.3.0",
      "resolved": "https://registry.npmjs.org/ignore/-/ignore-5.3.0.tgz",
      "integrity": "sha512-znGS39oR/66EprfvDAnrhPjSs7mo1bV73ySlw4Iksj/Iun1d2t40+BfNBj3Wo370om1+3Wj/5Ww9r1T8sT64Yg==",
      "dev": true,
      "engines": {
        "node": ">= 4"
      }
    },
    "node_modules/inflight": {
      "version": "1.0.6",
      "resolved": "https://registry.npmjs.org/inflight/-/inflight-1.0.6.tgz",
      "integrity": "sha512-k92I/b08q4wvFscXCLjOzsh/tzF3zGtOE5WxdRwsihdbjRub8r2Qd/TCWTI+GsJ9OB56BYa57wacn6jMMV6/A==",
      "dev": true,
      "dependencies": {
        "once": "^1.3.0",
        "wrappy": "1"
      }
    },
    "node_modules/inherits": {
      "version": "2.0.4",
      "resolved": "https://registry.npmjs.org/inherits/-/inherits-2.0.4.tgz",
      "integrity": "sha512-k/vGaX4/Yla3Wb6FjgpfrmElw3XG+2o05lgMNSAnoDbGCRJiu6CUuGgAGO59MA7XEaxdCIJkd4A7xXIlOPiCWA==",
      "dev": true
    },
    "node_modules/is-extglob": {
      "version": "2.1.1",
      "resolved": "https://registry.npmjs.org/is-extglob/-/is-extglob-2.1.1.tgz",
      "integrity": "sha512-2lwMCbN2k+CR1n6Iza21f2T3tXkKy8/4Ie/9wTD+8prN2xDDpx3j/6AaP68/2mBwP4350dGeyy9mbfEl3b3lMw==",
      "dev": true,
      "engines": {
        "node": ">=0.10.0"
      }
    },
    "node_modules/is-glob": {
      "version": "4.0.3",
      "resolved": "https://registry.npmjs.org/is-glob/-/is-glob-4.0.3.tgz",
      "integrity": "sha512-xelSayIuTM/In2Cii1AB+n5KGeIMYADG4l6u5tW6c2m4GObQpD82r2T6ce/zX/vjV7u1x1tE2LS2L2k3vA2/g==",
      "dev": true,
      "dependencies": {
        "is-extglob": "^2.1.1"
      },
      "engines": {
        "node": ">=0.10.0"
      }
    },
    "node_modules/is-number": {
      "version": "7.0.0",
      "resolved": "https://registry.npmjs.org/is-number/-/is-number-7.0.0.tgz",
      "integrity": "sha512-41C1GK2NLA3mZPLsocf2yn4A33/KO2y2oNgrAbAmeyPjOxjA1z8ZJbGJTRoohYN2EZ/eForreqRCThQ8XK29pw==",
      "dev": true,
      "engines": {
        "node": ">=0.12.0"
      }
    },
    "node_modules/jest-config/node_modules/picocolors/picocolors.js": {
      "version": "1.0.0",
      "dev": true,
      "license": "ISC"
    },
    "node_modules/jest-haste-map/node_modules/picocolors/picocolors.js": {
      "version": "1.0.0",
      "dev": true,
      "license": "ISC"
    },
    "node_modules/jest-message-util/node_modules/picocolors/picocolors.js": {
      "version": "1.0.0",
      "dev": true,
      "license": "ISC"
    },
    "node_modules/jest-regex-util": {
      "version": "29.6.3",
      "resolved": "https://registry.npmjs.org/jest-regex-util/-/jest-regex-util-29.6.3.tgz",
      "integrity": "sha512-pr65o2Tf56hP2fL/0eFTylDms4j34n4dC2kZTHYyI36zry3d0T5iTMA3z6m5n0gSkp31nIsV8r7F4Cmyk5FvUQ==",
      "dev": true,
      "engines": {
        "node": "^16.10.0 || >=18.0.0"
      }
    },
    "node_modules/jest-runner/node_modules/picocolors/picocolors.js": {
      "version": "1.0.0",
      "dev": true,
      "license": "ISC"
    },
    "node_modules/jest-runtime/node_modules/picocolors/picocolors.js": {
      "version": "1.0.0",
      "dev": true,
      "license": "ISC"
    },
    "node_modules/jest-util": {
      "version": "29.7.0",
      "resolved": "https://registry.npmjs.org/jest-util/-/jest-util-29.7.0.tgz",
      "integrity": "sha512-sLYHW8w6Tj7I8b22yQII+2N/vB2P7d3Qc2hPxFm6WThdYJ/W28soQ+k27kPvk1kQe9u22f0Sg73u1i1zTmxYg==",
      "dev": true,
      "dependencies": {
        "@jest/types": "^29.6.3",
        "chalk": "^4.0.0",
        "ci-info": "^3.2.0",
        "graceful-fs": "^4.2.11",
        "picomatch": "^2.3.1"
      },
      "engines": {
        "node": "^16.10.0 || >=18.0.0"
      }
    },
    "node_modules/jest-validate/node_modules/picocolors/picocolors.js": {
      "version": "1.0.0",
      "dev": true,
      "license": "ISC"
    },
    "node_modules/jest-watcher/node_modules/picocolors/picocolors.js": {
      "version": "1.0.0",
      "dev": true,
      "license": "ISC"
    },
    "node_modules/json-schema-traverse": {
      "version": "0.4.1",
      "resolved": "https://registry.npmjs.org/json-schema-traverse/-/json-schema-traverse-0.4.1.tgz",
      "integrity": "sha512-xbbCH5dCYU5T8LcEhhuh7HJ88HXuW3qsI3Y0zOZFKfZEHcpWiHU/17dr7xZuXI8zd/wzMQPzZQxCRD3cmDJuOA==",
      "dev": true
    },
    "node_modules/jsonc-parser": {
      "version": "3.2.0",
      "resolved": "https://registry.npmjs.org/jsonc-parser/-/jsonc-parser-3.2.0.tgz",
      "integrity": "sha512-gfFQZrcIBf_F6y4oh2uniLpY7kL3zQCf64pe9a33mUe71xO33i5t3z56m73yZ3a2y/+3iMVRVEwGQY272eZgA==",
      "dev": true
    },
    "node_modules/k-fast-json-stringify": {
      "version": "1.1.20",
      "resolved": "https://registry.npmjs.org/k-fast-json-stringify/-/k-fast-json-stringify-1.1.20.tgz",
      "integrity": "sha512-Y3UDA3Ww2H2+QSc6T7aXf373TjB1i6gOsviTwowM3QJbgD4DEsB2J8btU/S7I2q2M5j1I2n7B32D+O0sR1IqgA==",
      "dev": true,
      "optional": true,
      "dependencies": {
        "ajv": "^6.10.2"
      }
    },
    "node_modules/locate-path": {
      "version": "6.0.0",
      "resolved": "https://registry.npmjs.org/locate-path/-/locate-path-6.0.0.tgz",
      "integrity": "sha512-iPZK6eYjbxRu3uB4/kIe8AfGPxt1AKUsPTx8o5ABuKaT4Df5eCl3u+10/ko6QssZfSan2An7UaXPIn+sV7Tf9w==",
      "dev": true,
      "dependencies": {
        "p-locate": "^5.0.0"
      },
      "engines": {
        "node": ">=10"
      },
      "funding": {
        "url": "https://github.com/sponsors/sindresorhus"
      }
    },
    "node_modules/lru-cache/index.js": {
      "version": "6.0.0",
      "dev": true,
      "license": "ISC",
      "dependencies": {
        "yallist": "^4.0.0"
      },
      "engines": {
        "node": ">=10"
      }
    },
    "node_modules/merge-stream": {
      "version": "2.0.0",
      "resolved": "https://registry.npmjs.org/merge-stream/-/merge-stream-2.0.0.tgz",
      "integrity": "sha512-abv/qOcuPfk3URPfDzmZU1LKklm94rC2GWzPy7R4mGI2onTStv4S6VztKEcoVicogBzBIQR1WShCSGdVoh9NzQ==",
      "dev": true
    },
    "node_modules/micromatch": {
      "version": "4.0.5",
      "resolved": "https://registry.npmjs.org/micromatch/-/micromatch-4.0.5.tgz",
      "integrity": "sha512-DMy+ERcYhSCkTOeZ/2QpS6IWeoD1I3hQ78sz2d2n2IeaJe26OEDsBHRQdw2f3o0GNut9gaM5rRrXq8g9Re6Gjw==",
      "dev": true,
      "dependencies": {
        "braces": "^3.0.2",
        "picomatch": "^2.3.1"
      },
      "engines": {
        "node": ">=8.6"
      }
    },
    "node_modules/minimatch": {
      "version": "3.1.2",
      "resolved": "https://registry.npmjs.org/minimatch/-/minimatch-3.1.2.tgz",
      "integrity": "sha512-J7p63hRdxq9rL9/u2sswGnvzvpU/ogmFvWSOCapCL5o35AULT3eP18KaAIIM9Zo3PmqMAusMgo2uaYfg+jOMoQ==",
      "dev": true,
      "dependencies": {
        "brace-expansion": "^1.1.7"
      },
      "engines": {
        "node": "*"
      }
    },
    "node_modules/ms": {
      "version": "2.1.2",
      "resolved": "https://registry.npmjs.org/ms/-/ms-2.1.2.tgz",
      "integrity": "sha512-sGkPx+VjMtmA6MX27oA4FBFELFCZZ4S4XqeGOXCv68tT+AnmgEva/hTbOUhDk9zALAgbC63TRAPik6Sup1EX9w==",
      "dev": true
    },
    "node_modules/natural-compare-lite": {
      "version": "1.4.0",
      "resolved": "https://registry.npmjs.org/natural-compare-lite/-/natural-compare-lite-1.4.0.tgz",
      "integrity": "sha512-Tj+SH30ySEE3vpThk342718HAg2/TFPobwLp3wiL1YdB0xjCeJ0aoiU0veiOmn8x/04h2diwNfMvwn3sC4CETA==",
      "dev": true
    },
    "node_modules/once": {
      "version": "1.4.0",
      "resolved": "https://registry.npmjs.org/once/-/once-1.4.0.tgz",
      "integrity": "sha512-lCKTwuzI22w1HBYpS/0G3XoKzAnbNdeWhBssq0oizwsv1e7ImLfsBX2TaeqMWE2wOEA2F+xPSy+K+XkSPTY3hA==",
      "dev": true,
      "dependencies": {
        "wrappy": "1"
      }
    },
    "node_modules/p-limit": {
      "version": "3.1.0",
      "resolved": "https://registry.npmjs.org/p-limit/-/p-limit-3.1.0.tgz",
      "integrity": "sha512-TYOanM3wGwNGsZN2cVTYPArw454xnXj5ykvE/roPZ50abz88r2G4sSpz9vpaT99KcrgSPz7vXoK6u4eSo65gOA==",
      "dev": true,
      "dependencies": {
        "yocto-queue": "^0.1.0"
      },
      "engines": {
        "node": ">=10"
      },
      "funding": {
        "url": "https://github.com/sponsors/sindresorhus"
      }
    },
    "node_modules/p-locate": {
      "version": "5.0.0",
      "resolved": "https://registry.npmjs.org/p-locate/-/p-locate-5.0.0.tgz",
      "integrity": "sha512-LaNjtRWUBY++zB5nE/NwcaoMylSPk+S+ZHNB1TzdbMJMhdF12wzaM+sRkc9AOBGeo5XwezShRU51aym74o/+TA==",
      "dev": true,
      "dependencies": {
        "p-limit": "^3.0.0"
      },
      "engines": {
        "node": ">=10"
      },
      "funding": {
        "url": "https://github.com/sponsors/sindresorhus"
      }
    },
    "node_modules/path-exists": {
      "version": "4.0.0",
      "resolved": "https://registry.npmjs.org/path-exists/-/path-exists-4.0.0.tgz",
      "integrity": "sha512-ak9AY4i1Td7vla0DrdzMB0rIBL3/0JSoBwpodn5BwEwDkL9rS55vRB2T2Tz/oJGISoR7AOf0hLGus5GiSP5L2w==",
      "dev": true,
      "engines": {
        "node": ">=8"
      }
    },
    "node_modules/path-is-absolute": {
      "version": "1.0.1",
      "resolved": "https://registry.npmjs.org/path-is-absolute/-/path-is-absolute-1.0.1.tgz",
      "integrity": "sha512-AVbw3A2Fbni3A98un2Uhm5SJSSocjAxG1FVdA93S92LS57rEttjsaxppS5loO9eAkJbBMS2vUTkLiE458oM95w==",
      "dev": true,
      "engines": {
        "node": ">=0.10.0"
      }
    },
    "node_modules/picocolors": {
      "version": "1.0.0",
      "resolved": "https://registry.npmjs.org/picocolors/-/picocolors-1.0.0.tgz",
      "integrity": "sha512-1fygroBR2KVHHODO+K5vA0rS+Y/lDciEkBEGVG2BEehTCUodgoGHuPbrbAqvvlM+24v5sfm8JHypXoGmxrM7gxA==",
      "dev": true
    },
    "node_modules/picomatch": {
      "version": "2.3.1",
      "resolved": "https://registry.npmjs.org/picomatch/-/picomatch-2.3.1.tgz",
      "integrity": "sha512-JU3teIecN7VpOPnuMAV6nE3pGpbDJWk+RYH2JofxVj5NAjH5o39UP6i2sKfVsllpOPWROoaA9e36dt12kAJv/g==",
      "dev": true,
      "engines": {
        "node": ">=8.6"
      },
      "funding": {
        "url": "https://github.com/sponsors/jonschlinkert"
      }
    },
    "node_modules/prettier": {
      "version": "3.2.5",
      "resolved": "https://registry.npmjs.org/prettier/-/prettier-3.2.5.tgz",
      "integrity": "sha512-3/e7vNDvoI2qANvntXy0K+2GEvaI2bpe9O72CrvRkaNu6GNp3aEVitED16Ie8SAJdBCttVbxdXQCgAF3u5KjIA==",
      "dev": true,
      "bin": {
        "prettier": "bin/prettier.cjs"
      },
      "engines": {
        "node": ">=14"
      },
      "funding": {
        "url": "https://github.com/prettier/prettier?sponsor=1"
      }
    },
    "node_modules/punycode": {
      "version": "2.3.0",
      "resolved": "https://registry.npmjs.org/punycode/-/punycode-2.3.0.tgz",
      "integrity": "sha512-rZg8XagzKLDz1Ts6vpNhT/3fSSteOdKScvG/3QXgD00dsrV6/18Sjcb2a1CXTEf3+zO0R7Vz4iVIGp0ESnE7iA==",
      "dev": true,
      "engines": {
        "node": ">=6"
      }
    },
    "node_modules/regexpp": {
      "version": "3.2.0",
      "resolved": "https://registry.npmjs.org/regexpp/-/regexpp-3.2.0.tgz",
      "integrity": "sha512-pq2bWo9mFv8DSt2Wd2wD8s2t44kANrCBY30Jc2303e/h3zO/D/bO/1C+1Rbu1v/iAGXG8M1838s6Sg1gA7BQA==",
      "dev": true,
      "engines": {
        "node": ">=8"
      }
    },
    "node_modules/semver": {
      "version": "7.6.0",
      "resolved": "https://registry.npmjs.org/semver/-/semver-7.6.0.tgz",
      "integrity": "sha512-MAem1U6G5MaK22k/I26/p4yMa0I1K8m7sB1iBfKJoYdrXL5ea1b2Iu35b44gY1231f2SZrN3e/9bWn85/vSNA==",
      "dev": true,
      "dependencies": {
        "lru-cache": "^6.0.0"
      },
      "bin": {
        "semver": "bin/semver.js"
      },
      "engines": {
        "node": ">=10"
      }
    },
    "node_modules/slash": {
      "version": "3.0.0",
      "resolved": "https://registry.npmjs.org/slash/-/slash-3.0.0.tgz",
      "integrity": "sha512-g9Q1haByZNCXov5iiPdJnqUPz9lt4bC721oXStqqJ0a8LIl5+ZZrA+yZ6HbYinJgn2fH2wdsktwvveAn5qfOkg==",
      "dev": true,
      "engines": {
        "node": ">=8"
      }
    },
    "node_modules/supports-color": {
      "version": "7.2.0",
      "resolved": "https://registry.npmjs.org/supports-color/-/supports-color-7.2.0.tgz",
      "integrity": "sha512-qpzVPHYG5bTjKrx8ikIEBMy92WbP রুּ/sV2d9KVPD0s3SS0mATezoecwzYPjPStn59rfZlITlVabXtDFsw==",
      "dev": true,
      "dependencies": {
        "has-flag": "^4.0.0"
      },
      "engines": {
        "node": ">=8"
      }
    },
    "node_modules/ts-api-utils": {
      "version": "1.3.0",
      "resolved": "https://registry.npmjs.org/ts-api-utils/-/ts-api-utils-1.3.0.tgz",
      "integrity": "sha512-259f9pB9P5kRow5sNYJ9Wp+s3WkDC67r9p5Goz15wOckupb8a/lEKg/tbsKG5AEN+5CRjH26/PDcI480N2p9hQ==",
      "dev": true,
      "peerDependencies": {
        "typescript": ">=4.8.0-dev || >=5.0.0-dev || >=5.0.0"
      },
      "peerDependenciesMeta": {
        "typescript": {
          "optional": true
        }
      }
    },
    "node_modules/ts-jest": {
      "version": "29.1.2",
      "resolved": "https://registry.npmjs.org/ts-jest/-/ts-jest-29.1.2.tgz",
      "integrity": "sha512-2PMo4s+5n9vr81hKbeH+n+HztpI2gpw/kzC6j0nPTu1H2Vf5I/J4GEm2AZ2Qzj3N/fXFwUcbzzJ3v9v2w1jF/A==",
      "dev": true,
      "dependencies": {
        "@babel/core": "^7.21.3",
        "@jest/transform": "^29.0.0",
        "babel-jest": "^29.0.0",
        "fast-json-stable-stringify": "^2.1.0",
        "jest-util": "^29.0.0",
        "jsonc-parser": "^3.2.0",
        "k-fast-json-stringify": "^1.1.20",
        "micromatch": "^4.0.5",
        "semver": "^7.3.8",
        "slash": "^3.0.0"
      },
      "engines": {
        "node": "^16.10.0 || >=18.0.0"
      },
      "peerDependencies": {
        "@types/jest": ">=29.0.0",
        "jest": ">=29.0.0",
        "typescript": ">=4.3.0"
      }
    },
    "node_modules/ts-jest/node_modules/@babel/code-frame/node_modules/picocolors/picocolors.js": {
      "version": "1.0.0",
      "dev": true,
      "license": "ISC"
    },
    "node_modules/ts-jest/node_modules/@babel/core/node_modules/picocolors/picocolors.js": {
      "version": "1.0.0",
      "dev": true,
      "license": "ISC"
    },
    "node_modules/ts-jest/node_modules/braces/index.js": {
      "version": "3.0.2",
      "dev": true,
      "license": "MIT",
      "dependencies": {
        "fill-range": "^7.0.1"
      },
      "engines": {
        "node": ">=8"
      }
    },
    "node_modules/ts-jest/node_modules/fill-range/index.js": {
      "version": "7.0.1",
      "dev": true,
      "license": "MIT",
      "dependencies": {
        "to-regex-range": "^5.0.1"
      },
      "engines": {
        "node": ">=8"
      }
    },
    "node_modules/ts-jest/node_modules/micromatch/index.js": {
      "version": "4.0.5",
      "dev": true,
      "license": "MIT",
      "dependencies": {
        "braces": "^3.0.2",
        "picomatch": "^2.3.1"
      },
      "engines": {
        "node": ">=8.6"
      }
    },
    "node_modules/ts-jest/node_modules/picocolors/picocolors.js": {
      "version": "1.0.0",
      "dev": true,
      "license": "ISC"
    },
    "node_modules/ts-jest/node_modules/picomatch/index.js": {
      "version": "2.3.1",
      "dev": true,
      "license": "MIT",
      "engines": {
        "node": ">=8.6"
      },
      "funding": {
        "url": "https://github.com/sponsors/jonschlinkert"
      }
    },
    "node_modules/ts-jest/node_modules/semver/semver.js": {
      "version": "7.3.8",
      "dev": true,
      "license": "ISC",
      "dependencies": {
        "lru-cache": "^6.0.0"
      },
      "bin": {
        "semver": "bin/semver.js"
      },
      "engines": {
        "node": ">=10"
      }
    },
    "node_modules/ts-jest/node_modules/to-regex-range/index.js": {
      "version": "5.0.1",
      "dev": true,
      "license": "MIT",
      "dependencies": {
        "is-number": "^7.0.0"
      },
      "engines": {
        "node": ">=8"
      }
    },
    "node_modules/tslib": {
      "version": "2.6.2",
      "resolved": "https://registry.npmjs.org/tslib/-/tslib-2.6.2.tgz",
      "integrity": "sha512-AEYxH93jGFPn/a2iVAwW87VuUIkR1FVUKB77NwMF7nBTDkDrrT/Hpt/IrCJ0QXhW27jTBDcf5ZY7w6RiqTMw2Q==",
      "dev": true
    },
    "node_modules/typescript": {
      "version": "5.3.3",
      "resolved": "https://registry.npmjs.org/typescript/-/typescript-5.3.3.tgz",
      "integrity": "sha512-pXWcraxM0uxAS+tN0AG/BF2TyqmHO014Z070UsJ+pFvYuRSq8KH8DmWpnbXe0pEPDHXZV3FcAbJkijJ5oNEnWw==",
      "dev": true,
      "bin": {
        "tsc": "bin/tsc",
        "tsserver": "bin/tsserver"
      },
      "engines": {
        "node": ">=14.17"
      }
    },
    "node_modules/uri-js": {
      "version": "4.4.1",
      "resolved": "https://registry.npmjs.org/uri-js/-/uri-js-4.4.1.tgz",
      "integrity": "sha512-7rOrAa307wwGk7h8fPFSx6wsFpxYHAf/sF1v7HMLQspanish/7yPPUSn32e58+u2W3xCXAG6quhWS2yfrYBnB2Lg==",
      "dev": true,
      "dependencies": {
        "punycode": "^2.1.0"
      }
    },
    "node_modules/v8-to-istanbul": {
      "version": "9.2.0",
      "resolved": "https://registry.npmjs.org/v8-to-istanbul/-/v8-to-istanbul-9.2.0.tgz",
      "integrity": "sha512-wD0Sm1xL15f5zl5313/lQj2f1sERjsJ1zQ9NKn0SEkYN5+pY88MvTN2k1aYOHq13yQFP28LVbMuq1S4YyqM6Qw==",
      "dev": true,
      "dependencies": {
        "@jridgewell/trace-mapping": "^0.3.17",
        "@types/istanbul-lib-coverage": "^2.0.1"
      },
      "engines": {
        "node": ">=14.18.0"
      }
    },
    "node_modules/word-wrap": {
      "version": "1.2.5",
      "resolved": "https://registry.npmjs.org/word-wrap/-/word-wrap-1.2.5.tgz",
      "integrity": "sha512-H1n2zCg1QdfN/SplD4JVT+eG0MyrG3uquQ8c3n9IMp1ne2n/J/5696y7jT+o0kDUVE/3e2bWNyGz+qAca1t/3g==",
      "dev": true,
      "engines": {
        "node": ">=0.10.0"
      }
    },
    "node_modules/wrappy": {
      "version": "1.0.2",
      "resolved": "https://registry.npmjs.org/wrappy/-/wrappy-1.0.2.tgz",
      "integrity": "sha512-l4Sp/DRseor9wL6EvV2+TuQhmEePna2ntx/PENb3UlgSooTPbKHMbh4dZLFK7A6fWfsKijhepuFjDxs5W0K5hQ==",
      "dev": true
    },
    "node_modules/yallist": {
      "version": "4.0.0",
      "resolved": "https://registry.npmjs.org/yallist/-/yallist-4.0.0.tgz",
      "integrity": "sha512-3wdGidZyq5PAVfl+fJSUP8OClCLiWdGB0EaBvMbesaI1Pa2iIlLgINAoahMHPTpd98e+pCCo8QE5XnNANtAecA==",
      "dev": true
    },
    "node_modules/yocto-queue": {
      "version": "0.1.0",
      "resolved": "https://registry.npmjs.org/yocto-queue/-/yocto-queue-0.1.0.tgz",
      "integrity": "sha512-r63tMP70GhhUi6/oDTN1s3H4C7c+a4l2i0i3sL1IO7iQ1dE2Lal3o9Qn2s7N7yIotFIFs3auvI36GH/1b3o0A==",
      "dev": true,
      "engines": {
        "node": ">=10"
      },
      "funding": {
        "url": "https://github.com/sponsors/sindresorhus"
      }
    }
  }
}